PODS:
  - AFNetworking (3.1.0):
    - AFNetworking/NSURLSession (= 3.1.0)
    - AFNetworking/Reachability (= 3.1.0)
    - AFNetworking/Security (= 3.1.0)
    - AFNetworking/Serialization (= 3.1.0)
    - AFNetworking/UIKit (= 3.1.0)
  - AFNetworking/NSURLSession (3.1.0):
    - AFNetworking/Reachability
    - AFNetworking/Security
    - AFNetworking/Serialization
  - AFNetworking/Reachability (3.1.0)
  - AFNetworking/Security (3.1.0)
  - AFNetworking/Serialization (3.1.0)
  - AFNetworking/UIKit (3.1.0):
    - AFNetworking/NSURLSession
  - AppController (0.4.0)
  - Locksmith (3.0.0)
  - ObjectMapper (2.2.2)

DEPENDENCIES:
  - AFNetworking (~> 3.1)
  - AppController (~> 0.4)
  - Locksmith (~> 3.0)
  - ObjectMapper (~> 2.2)

SPEC CHECKSUMS:
  AFNetworking: 5e0e199f73d8626b11e79750991f5d173d1f8b67
  AppController: 9383aaf781e352f4921226631aa472288d8699fd
  Locksmith: 310b4cc5031af5728bf4db5d4de547a5100c6a3b
  ObjectMapper: 9e385c2295bcc4e16eabbcfc85db801442bba545

PODFILE CHECKSUM: c37c933f31f95ad44d53f522c50c6675700a886e

COCOAPODS: 1.1.1
